{
  "name": "simple-double-linked-list",
  "version": "1.0.3",
  "lockfileVersion": 1,
  "requires": true,
  "dependencies": {
    "assert-testing": {
      "version": "1.0.9",
      "resolved": "https://registry.npmjs.org/assert-testing/-/assert-testing-1.0.9.tgz",
      "integrity": "sha512-ZMSq+xgejoK8u8aRXdQyAOm4vLekkMcDU7zEMiZouNuH8NAgvBIh3G9sNqT8vgeXyFb2cli8X5YwuimFb3LMug=="
    }
  }
}
