{
  "name": "simple-double-linked-list",
  "version": "1.0.0",
  "lockfileVersion": 1,
  "requires": true,
  "dependencies": {
    "assert-testing": {
      "version": "1.0.5",
      "resolved": "https://registry.npmjs.org/assert-testing/-/assert-testing-1.0.5.tgz",
      "integrity": "sha512-LPouB1IwBMNL1iykkIkra2jp1DXMrhKoKFlW20lkHBQ1zCny667/WO5O/FNyvY8QdGdYW0ti49fCCE73y9OWPw=="
    }
  }
}
